PODS:
  - BushidoCore/AppKit (0.1.2):
    - BushidoCore/Core
  - BushidoCore/Core (0.1.2)
  - BushidoCore/CoreGraphics (0.1.2):
    - BushidoCore/Core
  - BushidoCore/Foundation (0.1.2):
    - BushidoCore/Core
  - BushidoCore/JavaScriptCore (0.1.2):
    - BushidoCore/Core

DEPENDENCIES:
  - BushidoCore/AppKit (from `..`)
  - BushidoCore/Core (from `..`)
  - BushidoCore/CoreGraphics (from `..`)
  - BushidoCore/Foundation (from `..`)
  - BushidoCore/JavaScriptCore (from `..`)

EXTERNAL SOURCES:
  BushidoCore:
    :path: ..

SPEC CHECKSUMS:
  BushidoCore: 3890aecfdc080aa8bd1958302f0ff3f9c25ff5af

COCOAPODS: 0.35.0
